
Microsoft Visual Studio Solution File, Format Version 12.00
# Visual Studio Version 17
VisualStudioVersion = 17.14.36401.2 d17.14
MinimumVisualStudioVersion = 10.0.40219.1
Project("{FAE04EC0-301F-11D3-BF4B-00C04F79EFBC}") = "herovillano", "herovillano\herovillano.csproj", "{0F0826BD-846F-4FE8-9D8E-6CDFE5B07823}"
EndProject
Global
	GlobalSection(SolutionConfigurationPlatforms) = preSolution
		Debug|Any CPU = Debug|Any CPU
		Release|Any CPU = Release|Any CPU
	EndGlobalSection
	GlobalSection(ProjectConfigurationPlatforms) = postSolution
		{0F0826BD-846F-4FE8-9D8E-6CDFE5B07823}.Debug|Any CPU.ActiveCfg = Debug|Any CPU
		{0F0826BD-846F-4FE8-9D8E-6CDFE5B07823}.Debug|Any CPU.Build.0 = Debug|Any CPU
		{0F0826BD-846F-4FE8-9D8E-6CDFE5B07823}.Release|Any CPU.ActiveCfg = Release|Any CPU
		{0F0826BD-846F-4FE8-9D8E-6CDFE5B07823}.Release|Any CPU.Build.0 = Release|Any CPU
	EndGlobalSection
	GlobalSection(SolutionProperties) = preSolution
		HideSolutionNode = FALSE
	EndGlobalSection
	GlobalSection(ExtensibilityGlobals) = postSolution
		SolutionGuid = {073D38ED-110C-411E-93AF-F6FD1965FD8D}
	EndGlobalSection
EndGlobal
